
Microsoft Visual Studio Solution File, Format Version 12.00
# Visual Studio 15
VisualStudioVersion = 15.0.28010.2003
MinimumVisualStudioVersion = 10.0.40219.1
Project("{888888A0-9F3D-457C-B088-3A5042F75D52}") = "HW2", "HW2\HW2.pyproj", "{A2D98AEE-1196-47AA-BBB6-130D0B183681}"
EndProject
Global
	GlobalSection(SolutionConfigurationPlatforms) = preSolution
		Debug|Any CPU = Debug|Any CPU
		Release|Any CPU = Release|Any CPU
	EndGlobalSection
	GlobalSection(ProjectConfigurationPlatforms) = postSolution
		{A2D98AEE-1196-47AA-BBB6-130D0B183681}.Debug|Any CPU.ActiveCfg = Debug|Any CPU
		{A2D98AEE-1196-47AA-BBB6-130D0B183681}.Release|Any CPU.ActiveCfg = Release|Any CPU
	EndGlobalSection
	GlobalSection(SolutionProperties) = preSolution
		HideSolutionNode = FALSE
	EndGlobalSection
	GlobalSection(ExtensibilityGlobals) = postSolution
		SolutionGuid = {4C518F51-C7F5-4C91-AE10-74DA4E3905EB}
	EndGlobalSection
EndGlobal
