
Microsoft Visual Studio Solution File, Format Version 12.00
# Visual Studio 15
VisualStudioVersion = 15.0.28010.2003
MinimumVisualStudioVersion = 10.0.40219.1
Project("{888888A0-9F3D-457C-B088-3A5042F75D52}") = "HW1", "HW1\HW1.pyproj", "{3465E9D3-416B-4F66-B79E-4808E8F57BCB}"
EndProject
Global
	GlobalSection(SolutionConfigurationPlatforms) = preSolution
		Debug|Any CPU = Debug|Any CPU
		Release|Any CPU = Release|Any CPU
	EndGlobalSection
	GlobalSection(ProjectConfigurationPlatforms) = postSolution
		{3465E9D3-416B-4F66-B79E-4808E8F57BCB}.Debug|Any CPU.ActiveCfg = Debug|Any CPU
		{3465E9D3-416B-4F66-B79E-4808E8F57BCB}.Release|Any CPU.ActiveCfg = Release|Any CPU
	EndGlobalSection
	GlobalSection(SolutionProperties) = preSolution
		HideSolutionNode = FALSE
	EndGlobalSection
	GlobalSection(ExtensibilityGlobals) = postSolution
		SolutionGuid = {BA9D3C5F-E258-4B2E-8B7C-47AFC12C4DD5}
	EndGlobalSection
EndGlobal
